{
  "name": "base_flutter",
  "lockfileVersion": 3,
  "requires": true,
  "packages": {
    "": {
      "devDependencies": {
        "lefthook": "^1.6.15"
      }
    },
    "node_modules/lefthook": {
      "version": "1.6.15",
      "resolved": "https://registry.npmjs.org/lefthook/-/lefthook-1.6.15.tgz",
      "integrity": "sha512-Jjsz5ln/khEBEWH0ZWtK4A14F5aIGk3iwfyHpqqnxpF79OQR8MYCUN2VzpTk5XgzbokMi/M7CJ17/LPAYBRUEw==",
      "dev": true,
      "hasInstallScript": true,
      "bin": {
        "lefthook": "bin/index.js"
      },
      "optionalDependencies": {
        "lefthook-darwin-arm64": "1.6.15",
        "lefthook-darwin-x64": "1.6.15",
        "lefthook-freebsd-arm64": "1.6.15",
        "lefthook-freebsd-x64": "1.6.15",
        "lefthook-linux-arm64": "1.6.15",
        "lefthook-linux-x64": "1.6.15",
        "lefthook-windows-arm64": "1.6.15",
        "lefthook-windows-x64": "1.6.15"
      }
    },
    "node_modules/lefthook-darwin-arm64": {
      "version": "1.6.15",
      "resolved": "https://registry.npmjs.org/lefthook-darwin-arm64/-/lefthook-darwin-arm64-1.6.15.tgz",
      "integrity": "sha512-PQKFipNueV2i/W3XI+fDDwzV3YdnJ1AqwIP2BwDpzlSJtQQarsAG7lRvFdjkPGplVLqWoohTQa1/ooBmg+g3dw==",
      "cpu": [
        "arm64"
      ],
      "dev": true,
      "optional": true,
      "os": [
        "darwin"
      ]
    },
    "node_modules/lefthook-darwin-x64": {
      "version": "1.6.15",
      "resolved": "https://registry.npmjs.org/lefthook-darwin-x64/-/lefthook-darwin-x64-1.6.15.tgz",
      "integrity": "sha512-dNAZp281EJ1vyovszftVO+uk/xJZbomrtfuQeZ3tAk8Xybu6b4+XSoBklH5eRfl46/TWUNVkSF5owYG6+ZtvIA==",
      "cpu": [
        "x64"
      ],
      "dev": true,
      "optional": true,
      "os": [
        "darwin"
      ]
    },
    "node_modules/lefthook-freebsd-arm64": {
      "version": "1.6.15",
      "resolved": "https://registry.npmjs.org/lefthook-freebsd-arm64/-/lefthook-freebsd-arm64-1.6.15.tgz",
      "integrity": "sha512-GWGt5jDLOcICjsoPZV4tFjjQJ3v9uNqHXg80QXx+Pb7HSqLFp3OnUEfjV2IO27lOln7+AMTF6WWigJl/NKllKw==",
      "cpu": [
        "arm64"
      ],
      "dev": true,
      "optional": true,
      "os": [
        "freebsd"
      ]
    },
    "node_modules/lefthook-freebsd-x64": {
      "version": "1.6.15",
      "resolved": "https://registry.npmjs.org/lefthook-freebsd-x64/-/lefthook-freebsd-x64-1.6.15.tgz",
      "integrity": "sha512-803r+OYRpY5CBa8LU83EINO+Mi5k7rfflApMJuEIzcH1pFlEjbLttGy2hJX19m1kTKzkz/HuzFl6znbkmZGttw==",
      "cpu": [
        "x64"
      ],
      "dev": true,
      "optional": true,
      "os": [
        "freebsd"
      ]
    },
    "node_modules/lefthook-linux-arm64": {
      "version": "1.6.15",
      "resolved": "https://registry.npmjs.org/lefthook-linux-arm64/-/lefthook-linux-arm64-1.6.15.tgz",
      "integrity": "sha512-4rATbRhhBj4VNnvAEGRXvQL+POO4xwdUdCc2aSBcKdRFnabYabWm9ebSp55id7nDt3mVf7FBKDCl7A3kzUxehQ==",
      "cpu": [
        "arm64"
      ],
      "dev": true,
      "optional": true,
      "os": [
        "linux"
      ]
    },
    "node_modules/lefthook-linux-x64": {
      "version": "1.6.15",
      "resolved": "https://registry.npmjs.org/lefthook-linux-x64/-/lefthook-linux-x64-1.6.15.tgz",
      "integrity": "sha512-VhDL/po/EujilZKq14frjzOgApHrI1bNfghvuWkNz+5LGphe1/iSXV1DKDDOrGprl/vp2p+QUaJW8HMKBiKgTw==",
      "cpu": [
        "x64"
      ],
      "dev": true,
      "optional": true,
      "os": [
        "linux"
      ]
    },
    "node_modules/lefthook-windows-arm64": {
      "version": "1.6.15",
      "resolved": "https://registry.npmjs.org/lefthook-windows-arm64/-/lefthook-windows-arm64-1.6.15.tgz",
      "integrity": "sha512-0HcX/tPEktPjkFVrAIUXzlWIN5VhkBqbYl7xofWoYMjdYetFU2dvC2UDqp/ENVA/PxelszgTVLUVaI0RVJHDoA==",
      "cpu": [
        "arm64"
      ],
      "dev": true,
      "optional": true,
      "os": [
        "win32"
      ]
    },
    "node_modules/lefthook-windows-x64": {
      "version": "1.6.15",
      "resolved": "https://registry.npmjs.org/lefthook-windows-x64/-/lefthook-windows-x64-1.6.15.tgz",
      "integrity": "sha512-oBTfUbJRNOSuR1XsS5frGPCY8p74KXNVOuMX+Oun6kyBSutqe3kmafZ3nytbugJdzGx4bGfYxLISM8EoEkgThA==",
      "cpu": [
        "x64"
      ],
      "dev": true,
      "optional": true,
      "os": [
        "win32"
      ]
    }
  }
}
